{
  "name": "app",
  "version": "1.0.0",
  "lockfileVersion": 3,
  "requires": true,
  "packages": {
    "": {
      "name": "app",
      "version": "1.0.0",
      "license": "ISC",
      "devDependencies": {
        "@types/sequelize": "^4.28.15"
      }
    },
    "node_modules/@types/bluebird": {
      "version": "3.5.38",
      "resolved": "https://registry.npmjs.org/@types/bluebird/-/bluebird-3.5.38.tgz",
      "integrity": "sha512-yR/Kxc0dd4FfwtEoLZMoqJbM/VE/W7hXn/MIjb+axcwag0iFmSPK7OBUZq1YWLynJUoWQkfUrI7T0HDqGApNSg==",
      "dev": true
    },
    "node_modules/@types/continuation-local-storage": {
      "version": "3.2.4",
      "resolved": "https://registry.npmjs.org/@types/continuation-local-storage/-/continuation-local-storage-3.2.4.tgz",
      "integrity": "sha512-OT32vCVMymU1JMPKDeY0lX3cduAr0Pm/VwIbxygMeDS4lRcv57qYXn9bMwBRcRnEpXKBb/r4xYaZCARTZllP0A==",
      "dev": true,
      "dependencies": {
        "@types/node": "*"
      }
    },
    "node_modules/@types/lodash": {
      "version": "4.14.196",
      "resolved": "https://registry.npmjs.org/@types/lodash/-/lodash-4.14.196.tgz",
      "integrity": "sha512-22y3o88f4a94mKljsZcanlNWPzO0uBsBdzLAngf2tp533LzZcQzb6+eZPJ+vCTt+bqF2XnvT9gejTLsAcJAJyQ==",
      "dev": true
    },
    "node_modules/@types/node": {
      "version": "20.4.8",
      "resolved": "https://registry.npmjs.org/@types/node/-/node-20.4.8.tgz",
      "integrity": "sha512-0mHckf6D2DiIAzh8fM8f3HQCvMKDpK94YQ0DSVkfWTG9BZleYIWudw9cJxX8oCk9bM+vAkDyujDV6dmKHbvQpg==",
      "dev": true
    },
    "node_modules/@types/sequelize": {
      "version": "4.28.15",
      "resolved": "https://registry.npmjs.org/@types/sequelize/-/sequelize-4.28.15.tgz",
      "integrity": "sha512-DlwOs4Dz2s+bDlL4RFxl5mJZJC2r1Z7/hlTPIF0JF1RciivH120yEQF0gYQI9NXd3+KJOmvFyScaEO/7dxGQew==",
      "dev": true,
      "dependencies": {
        "@types/bluebird": "*",
        "@types/continuation-local-storage": "*",
        "@types/lodash": "*",
        "@types/validator": "*"
      }
    },
    "node_modules/@types/validator": {
      "version": "13.11.1",
      "resolved": "https://registry.npmjs.org/@types/validator/-/validator-13.11.1.tgz",
      "integrity": "sha512-d/MUkJYdOeKycmm75Arql4M5+UuXmf4cHdHKsyw1GcvnNgL6s77UkgSgJ8TE/rI5PYsnwYq5jkcWBLuN/MpQ1A==",
      "dev": true
    }
  }
}
